{
    "version": 3,
    "terraform_version": "0.10.3",
    "serial": 4,
    "lineage": "f58e5822-2a08-4b59-a890-3b087941dc38",
    "modules": [
        {
            "path": [
                "root"
            ],
            "outputs": {},
            "resources": {
                "aws_instance.Datadog_Tech_Example": {
                    "type": "aws_instance",
                    "depends_on": [],
                    "primary": {
                        "id": "i-014a3c74e437ac0a5",
                        "attributes": {
                            "ami": "ami-cd0f5cb6",
                            "associate_public_ip_address": "true",
                            "availability_zone": "us-east-1c",
                            "disable_api_termination": "false",
                            "ebs_block_device.#": "0",
                            "ebs_optimized": "false",
                            "ephemeral_block_device.#": "0",
                            "iam_instance_profile": "",
                            "id": "i-014a3c74e437ac0a5",
                            "instance_state": "running",
                            "instance_type": "t2.large",
                            "ipv6_addresses.#": "0",
                            "key_name": "DD_Testing",
                            "monitoring": "false",
                            "network_interface.#": "0",
                            "network_interface_id": "eni-d4415300",
                            "primary_network_interface_id": "eni-d4415300",
                            "private_dns": "ip-172-31-12-222.ec2.internal",
                            "private_ip": "172.31.12.222",
                            "public_dns": "ec2-54-210-179-132.compute-1.amazonaws.com",
                            "public_ip": "54.210.179.132",
                            "root_block_device.#": "1",
                            "root_block_device.0.delete_on_termination": "true",
                            "root_block_device.0.iops": "100",
                            "root_block_device.0.volume_size": "8",
                            "root_block_device.0.volume_type": "gp2",
                            "security_groups.#": "0",
                            "source_dest_check": "true",
                            "subnet_id": "subnet-e67552af",
                            "tags.%": "1",
                            "tags.Name": "Datadog_Tech_Example",
                            "tenancy": "default",
                            "volume_tags.%": "0",
                            "vpc_security_group_ids.#": "1",
                            "vpc_security_group_ids.1897584471": "sg-033ebf73"
                        },
                        "meta": {
                            "e2bfb730-ecaa-11e6-8f88-34363bc7c4c0": {
                                "create": 600000000000,
                                "delete": 600000000000,
                                "update": 600000000000
                            },
                            "schema_version": "1"
                        },
                        "tainted": false
                    },
                    "deposed": [],
                    "provider": ""
                }
            },
            "depends_on": []
        }
    ]
}
